
Microsoft Visual Studio Solution File, Format Version 12.00
# Visual Studio Version 16
VisualStudioVersion = 16.0.29728.190
MinimumVisualStudioVersion = 10.0.40219.1
Project("{9A19103F-16F7-4668-BE54-9A1E7A4F7556}") = "AttendanceApplication", "AttendanceApplication\AttendanceApplication.csproj", "{06648F26-3F1B-4136-88D4-69384B7D82D1}"
EndProject
Project("{00D1A9C2-B5F0-4AF3-8072-F6C62B433612}") = "AttendanceDB", "AttendanceDB\AttendanceDB.sqlproj", "{A2D8D074-AABF-470E-ABE7-68EFD0D4CD40}"
EndProject
Global
	GlobalSection(SolutionConfigurationPlatforms) = preSolution
		Debug|Any CPU = Debug|Any CPU
		Release|Any CPU = Release|Any CPU
	EndGlobalSection
	GlobalSection(ProjectConfigurationPlatforms) = postSolution
		{06648F26-3F1B-4136-88D4-69384B7D82D1}.Debug|Any CPU.ActiveCfg = Debug|Any CPU
		{06648F26-3F1B-4136-88D4-69384B7D82D1}.Debug|Any CPU.Build.0 = Debug|Any CPU
		{06648F26-3F1B-4136-88D4-69384B7D82D1}.Release|Any CPU.ActiveCfg = Release|Any CPU
		{06648F26-3F1B-4136-88D4-69384B7D82D1}.Release|Any CPU.Build.0 = Release|Any CPU
		{A2D8D074-AABF-470E-ABE7-68EFD0D4CD40}.Debug|Any CPU.ActiveCfg = Debug|Any CPU
		{A2D8D074-AABF-470E-ABE7-68EFD0D4CD40}.Debug|Any CPU.Build.0 = Debug|Any CPU
		{A2D8D074-AABF-470E-ABE7-68EFD0D4CD40}.Debug|Any CPU.Deploy.0 = Debug|Any CPU
		{A2D8D074-AABF-470E-ABE7-68EFD0D4CD40}.Release|Any CPU.ActiveCfg = Release|Any CPU
		{A2D8D074-AABF-470E-ABE7-68EFD0D4CD40}.Release|Any CPU.Build.0 = Release|Any CPU
		{A2D8D074-AABF-470E-ABE7-68EFD0D4CD40}.Release|Any CPU.Deploy.0 = Release|Any CPU
	EndGlobalSection
	GlobalSection(SolutionProperties) = preSolution
		HideSolutionNode = FALSE
	EndGlobalSection
	GlobalSection(ExtensibilityGlobals) = postSolution
		SolutionGuid = {FD69180C-C50F-4DE2-90B9-1245225D251E}
	EndGlobalSection
EndGlobal
